
Microsoft Visual Studio Solution File, Format Version 12.00
# Visual Studio 15
VisualStudioVersion = 15.0.27703.2026
MinimumVisualStudioVersion = 10.0.40219.1
Project("{FAE04EC0-301F-11D3-BF4B-00C04F79EFBC}") = "ChatBSP", "ChatBSP\ChatBSP.csproj", "{DE3D0D96-C375-4DBA-A888-23991723FBF8}"
EndProject
Global
	GlobalSection(SolutionConfigurationPlatforms) = preSolution
		Debug|Any CPU = Debug|Any CPU
		Release|Any CPU = Release|Any CPU
	EndGlobalSection
	GlobalSection(ProjectConfigurationPlatforms) = postSolution
		{DE3D0D96-C375-4DBA-A888-23991723FBF8}.Debug|Any CPU.ActiveCfg = Debug|Any CPU
		{DE3D0D96-C375-4DBA-A888-23991723FBF8}.Debug|Any CPU.Build.0 = Debug|Any CPU
		{DE3D0D96-C375-4DBA-A888-23991723FBF8}.Release|Any CPU.ActiveCfg = Release|Any CPU
		{DE3D0D96-C375-4DBA-A888-23991723FBF8}.Release|Any CPU.Build.0 = Release|Any CPU
	EndGlobalSection
	GlobalSection(SolutionProperties) = preSolution
		HideSolutionNode = FALSE
	EndGlobalSection
	GlobalSection(ExtensibilityGlobals) = postSolution
		SolutionGuid = {6CC4B6F6-734D-4DAB-8895-5855F8DD49E0}
	EndGlobalSection
EndGlobal
